{
  "name": "@drhex/prime-x",
  "version": "1.0.3",
  "lockfileVersion": 3,
  "requires": true,
  "packages": {
    "": {
      "name": "@drhex/prime-x",
      "version": "1.0.3",
      "license": "MIT",
      "dependencies": {
        "@drhex/prime-x": "^1.0.3"
      }
    },
    "node_modules/@drhex/prime-x": {
      "version": "1.0.3",
      "resolved": "https://registry.npmjs.org/@drhex/prime-x/-/prime-x-1.0.3.tgz",
      "integrity": "sha512-BmCXWjQ9EheHn0n/9qS/Gmm6NgyZSMLUq3s+jEOOTWcqpIg1Oolh2GX2AWIiqHBMiGXOjLhezxIKdXTNdZstgw=="
    }
  }
}
